
Microsoft Visual Studio Solution File, Format Version 12.00
# Visual Studio Version 17
VisualStudioVersion = 17.7.34024.191
MinimumVisualStudioVersion = 10.0.40219.1
Project("{FAE04EC0-301F-11D3-BF4B-00C04F79EFBC}") = "BankDepositsWF", "BankDepositsWF\BankDepositsWF.csproj", "{1488B393-F86A-4662-87B8-95F8C60A8D26}"
EndProject
Global
	GlobalSection(SolutionConfigurationPlatforms) = preSolution
		Debug|Any CPU = Debug|Any CPU
		Release|Any CPU = Release|Any CPU
	EndGlobalSection
	GlobalSection(ProjectConfigurationPlatforms) = postSolution
		{1488B393-F86A-4662-87B8-95F8C60A8D26}.Debug|Any CPU.ActiveCfg = Debug|Any CPU
		{1488B393-F86A-4662-87B8-95F8C60A8D26}.Debug|Any CPU.Build.0 = Debug|Any CPU
		{1488B393-F86A-4662-87B8-95F8C60A8D26}.Release|Any CPU.ActiveCfg = Release|Any CPU
		{1488B393-F86A-4662-87B8-95F8C60A8D26}.Release|Any CPU.Build.0 = Release|Any CPU
	EndGlobalSection
	GlobalSection(SolutionProperties) = preSolution
		HideSolutionNode = FALSE
	EndGlobalSection
	GlobalSection(ExtensibilityGlobals) = postSolution
		SolutionGuid = {081A19A2-FB54-49A7-AEFA-E823D1301CBA}
	EndGlobalSection
EndGlobal
